
Microsoft Visual Studio Solution File, Format Version 12.00
# Visual Studio Version 17
VisualStudioVersion = 17.11.35327.3
MinimumVisualStudioVersion = 10.0.40219.1
Project("{FAE04EC0-301F-11D3-BF4B-00C04F79EFBC}") = "Practic52", "Practic52\Practic52.csproj", "{94724100-0BA0-4C15-A497-8DA790803A16}"
EndProject
Global
	GlobalSection(SolutionConfigurationPlatforms) = preSolution
		Debug|Any CPU = Debug|Any CPU
		Release|Any CPU = Release|Any CPU
	EndGlobalSection
	GlobalSection(ProjectConfigurationPlatforms) = postSolution
		{94724100-0BA0-4C15-A497-8DA790803A16}.Debug|Any CPU.ActiveCfg = Debug|Any CPU
		{94724100-0BA0-4C15-A497-8DA790803A16}.Debug|Any CPU.Build.0 = Debug|Any CPU
		{94724100-0BA0-4C15-A497-8DA790803A16}.Release|Any CPU.ActiveCfg = Release|Any CPU
		{94724100-0BA0-4C15-A497-8DA790803A16}.Release|Any CPU.Build.0 = Release|Any CPU
	EndGlobalSection
	GlobalSection(SolutionProperties) = preSolution
		HideSolutionNode = FALSE
	EndGlobalSection
	GlobalSection(ExtensibilityGlobals) = postSolution
		SolutionGuid = {563D4207-2043-4BD5-81AD-8CAAD7035E9F}
	EndGlobalSection
EndGlobal
